
Microsoft Visual Studio Solution File, Format Version 12.00
# Visual Studio Version 17
VisualStudioVersion = 17.9.34728.123
MinimumVisualStudioVersion = 10.0.40219.1
Project("{FAE04EC0-301F-11D3-BF4B-00C04F79EFBC}") = "Function2", "Function2\Function2.csproj", "{C8E37C23-F8AA-4BAB-81F3-A34D32F23319}"
EndProject
Global
	GlobalSection(SolutionConfigurationPlatforms) = preSolution
		Debug|Any CPU = Debug|Any CPU
		Release|Any CPU = Release|Any CPU
	EndGlobalSection
	GlobalSection(ProjectConfigurationPlatforms) = postSolution
		{C8E37C23-F8AA-4BAB-81F3-A34D32F23319}.Debug|Any CPU.ActiveCfg = Debug|Any CPU
		{C8E37C23-F8AA-4BAB-81F3-A34D32F23319}.Debug|Any CPU.Build.0 = Debug|Any CPU
		{C8E37C23-F8AA-4BAB-81F3-A34D32F23319}.Release|Any CPU.ActiveCfg = Release|Any CPU
		{C8E37C23-F8AA-4BAB-81F3-A34D32F23319}.Release|Any CPU.Build.0 = Release|Any CPU
	EndGlobalSection
	GlobalSection(SolutionProperties) = preSolution
		HideSolutionNode = FALSE
	EndGlobalSection
	GlobalSection(ExtensibilityGlobals) = postSolution
		SolutionGuid = {148B01BA-4580-48B7-A882-0733DC74ACF8}
	EndGlobalSection
EndGlobal
