
Microsoft Visual Studio Solution File, Format Version 12.00
# Visual Studio Version 17
VisualStudioVersion = 17.9.34728.123
MinimumVisualStudioVersion = 10.0.40219.1
Project("{FAE04EC0-301F-11D3-BF4B-00C04F79EFBC}") = "Thread_concept", "Thread_concept.csproj", "{B66089F0-2A7E-48E4-9A46-5CB747190B99}"
EndProject
Global
	GlobalSection(SolutionConfigurationPlatforms) = preSolution
		Debug|Any CPU = Debug|Any CPU
		Release|Any CPU = Release|Any CPU
	EndGlobalSection
	GlobalSection(ProjectConfigurationPlatforms) = postSolution
		{B66089F0-2A7E-48E4-9A46-5CB747190B99}.Debug|Any CPU.ActiveCfg = Debug|Any CPU
		{B66089F0-2A7E-48E4-9A46-5CB747190B99}.Debug|Any CPU.Build.0 = Debug|Any CPU
		{B66089F0-2A7E-48E4-9A46-5CB747190B99}.Release|Any CPU.ActiveCfg = Release|Any CPU
		{B66089F0-2A7E-48E4-9A46-5CB747190B99}.Release|Any CPU.Build.0 = Release|Any CPU
	EndGlobalSection
	GlobalSection(SolutionProperties) = preSolution
		HideSolutionNode = FALSE
	EndGlobalSection
	GlobalSection(ExtensibilityGlobals) = postSolution
		SolutionGuid = {B63E594E-6E98-458A-A7DF-EC987CF4BAF1}
	EndGlobalSection
EndGlobal
