
Microsoft Visual Studio Solution File, Format Version 12.00
# Visual Studio Version 17
VisualStudioVersion = 17.9.34728.123
MinimumVisualStudioVersion = 10.0.40219.1
Project("{FAE04EC0-301F-11D3-BF4B-00C04F79EFBC}") = "WebApplication1E_D", "WebApplication1E_D.csproj", "{AD9354D5-79AE-4D5C-9E26-571CBC96AAF3}"
EndProject
Global
	GlobalSection(SolutionConfigurationPlatforms) = preSolution
		Debug|Any CPU = Debug|Any CPU
		Release|Any CPU = Release|Any CPU
	EndGlobalSection
	GlobalSection(ProjectConfigurationPlatforms) = postSolution
		{AD9354D5-79AE-4D5C-9E26-571CBC96AAF3}.Debug|Any CPU.ActiveCfg = Debug|Any CPU
		{AD9354D5-79AE-4D5C-9E26-571CBC96AAF3}.Debug|Any CPU.Build.0 = Debug|Any CPU
		{AD9354D5-79AE-4D5C-9E26-571CBC96AAF3}.Release|Any CPU.ActiveCfg = Release|Any CPU
		{AD9354D5-79AE-4D5C-9E26-571CBC96AAF3}.Release|Any CPU.Build.0 = Release|Any CPU
	EndGlobalSection
	GlobalSection(SolutionProperties) = preSolution
		HideSolutionNode = FALSE
	EndGlobalSection
	GlobalSection(ExtensibilityGlobals) = postSolution
		SolutionGuid = {B15A54D6-37D2-4813-A460-770EA91B9DBC}
	EndGlobalSection
EndGlobal
