
Microsoft Visual Studio Solution File, Format Version 12.00
# Visual Studio Version 17
VisualStudioVersion = 17.9.34728.123
MinimumVisualStudioVersion = 10.0.40219.1
Project("{FAE04EC0-301F-11D3-BF4B-00C04F79EFBC}") = "ConsoleApp4Student1EF", "ConsoleApp4Student1EF.csproj", "{CD9090F5-2908-4715-9C98-E0AD7612F69B}"
EndProject
Global
	GlobalSection(SolutionConfigurationPlatforms) = preSolution
		Debug|Any CPU = Debug|Any CPU
		Release|Any CPU = Release|Any CPU
	EndGlobalSection
	GlobalSection(ProjectConfigurationPlatforms) = postSolution
		{CD9090F5-2908-4715-9C98-E0AD7612F69B}.Debug|Any CPU.ActiveCfg = Debug|Any CPU
		{CD9090F5-2908-4715-9C98-E0AD7612F69B}.Debug|Any CPU.Build.0 = Debug|Any CPU
		{CD9090F5-2908-4715-9C98-E0AD7612F69B}.Release|Any CPU.ActiveCfg = Release|Any CPU
		{CD9090F5-2908-4715-9C98-E0AD7612F69B}.Release|Any CPU.Build.0 = Release|Any CPU
	EndGlobalSection
	GlobalSection(SolutionProperties) = preSolution
		HideSolutionNode = FALSE
	EndGlobalSection
	GlobalSection(ExtensibilityGlobals) = postSolution
		SolutionGuid = {3209219A-4221-4613-91DB-8DD55B55796F}
	EndGlobalSection
EndGlobal
