
Microsoft Visual Studio Solution File, Format Version 12.00
# Visual Studio Version 17
VisualStudioVersion = 17.9.34728.123
MinimumVisualStudioVersion = 10.0.40219.1
Project("{FAE04EC0-301F-11D3-BF4B-00C04F79EFBC}") = "ConsoleApp1", "ConsoleApp1\ConsoleApp1.csproj", "{2C230D34-F81F-439A-940E-F5A5D4678008}"
EndProject
Global
	GlobalSection(SolutionConfigurationPlatforms) = preSolution
		Debug|Any CPU = Debug|Any CPU
		Release|Any CPU = Release|Any CPU
	EndGlobalSection
	GlobalSection(ProjectConfigurationPlatforms) = postSolution
		{2C230D34-F81F-439A-940E-F5A5D4678008}.Debug|Any CPU.ActiveCfg = Debug|Any CPU
		{2C230D34-F81F-439A-940E-F5A5D4678008}.Debug|Any CPU.Build.0 = Debug|Any CPU
		{2C230D34-F81F-439A-940E-F5A5D4678008}.Release|Any CPU.ActiveCfg = Release|Any CPU
		{2C230D34-F81F-439A-940E-F5A5D4678008}.Release|Any CPU.Build.0 = Release|Any CPU
	EndGlobalSection
	GlobalSection(SolutionProperties) = preSolution
		HideSolutionNode = FALSE
	EndGlobalSection
	GlobalSection(ExtensibilityGlobals) = postSolution
		SolutionGuid = {BE0F9A5F-37E2-4294-803D-BA9B1CBC11BA}
	EndGlobalSection
EndGlobal
