
Microsoft Visual Studio Solution File, Format Version 12.00
# Visual Studio Version 17
VisualStudioVersion = 17.9.34728.123
MinimumVisualStudioVersion = 10.0.40219.1
Project("{FAE04EC0-301F-11D3-BF4B-00C04F79EFBC}") = "Employee_detail", "Employee_detail.csproj", "{C69ED453-CA3D-4253-8A08-210F4391DDEF}"
EndProject
Global
	GlobalSection(SolutionConfigurationPlatforms) = preSolution
		Debug|Any CPU = Debug|Any CPU
		Release|Any CPU = Release|Any CPU
	EndGlobalSection
	GlobalSection(ProjectConfigurationPlatforms) = postSolution
		{C69ED453-CA3D-4253-8A08-210F4391DDEF}.Debug|Any CPU.ActiveCfg = Debug|Any CPU
		{C69ED453-CA3D-4253-8A08-210F4391DDEF}.Debug|Any CPU.Build.0 = Debug|Any CPU
		{C69ED453-CA3D-4253-8A08-210F4391DDEF}.Release|Any CPU.ActiveCfg = Release|Any CPU
		{C69ED453-CA3D-4253-8A08-210F4391DDEF}.Release|Any CPU.Build.0 = Release|Any CPU
	EndGlobalSection
	GlobalSection(SolutionProperties) = preSolution
		HideSolutionNode = FALSE
	EndGlobalSection
	GlobalSection(ExtensibilityGlobals) = postSolution
		SolutionGuid = {B5E00CAC-5BEC-4B64-8231-53EE599F60F6}
	EndGlobalSection
EndGlobal
